
Microsoft Visual Studio Solution File, Format Version 12.00
# Visual Studio Version 17
VisualStudioVersion = 17.13.35828.75 d17.13
MinimumVisualStudioVersion = 10.0.40219.1
Project("{C9674DCB-5085-4A16-B785-4C70DD1589BD}") = "MainLabBD", "MainLabBD\MainLabBD.dtproj", "{8340AD4E-1DD5-190A-D229-C9AB6CAC5D9E}"
EndProject
Global
	GlobalSection(SolutionConfigurationPlatforms) = preSolution
		Development|Default = Development|Default
	EndGlobalSection
	GlobalSection(ProjectConfigurationPlatforms) = postSolution
		{8340AD4E-1DD5-190A-D229-C9AB6CAC5D9E}.Development|Default.ActiveCfg = Development
		{8340AD4E-1DD5-190A-D229-C9AB6CAC5D9E}.Development|Default.Build.0 = Development
	EndGlobalSection
	GlobalSection(SolutionProperties) = preSolution
		HideSolutionNode = FALSE
	EndGlobalSection
	GlobalSection(ExtensibilityGlobals) = postSolution
		SolutionGuid = {5B7B7518-8B3F-468E-ADE5-866ECB175C35}
	EndGlobalSection
EndGlobal
